<?xml version="1.0" encoding="utf-8"?>
<Project ToolsVersion="4.0" xmlns="http://schemas.microsoft.com/developer/msbuild/2003">
  <ItemGroup>
    <Filter Include="源文件">
      <UniqueIdentifier>{4FC737F1-C7A5-4376-A066-2A32D752A2FF}</UniqueIdentifier>
      <Extensions>cpp;c;cc;cxx;def;odl;idl;hpj;bat;asm;asmx</Extensions>
    </Filter>
    <Filter Include="头文件">
      <UniqueIdentifier>{93995380-89BD-4b04-88EB-625FBE52EBFB}</UniqueIdentifier>
      <Extensions>h;hh;hpp;hxx;hm;inl;inc;ipp;xsd</Extensions>
    </Filter>
    <Filter Include="资源文件">
      <UniqueIdentifier>{67DA6AB6-F800-4c08-8B7A-83BB121AAD01}</UniqueIdentifier>
      <Extensions>rc;ico;cur;bmp;dlg;rc2;rct;bin;rgs;gif;jpg;jpeg;jpe;resx;tiff;tif;png;wav;mfcribbon-ms</Extensions>
    </Filter>
    <Filter Include="BSTree">
      <UniqueIdentifier>{dbf7be03-539f-4749-b039-0255c6339dae}</UniqueIdentifier>
    </Filter>
    <Filter Include="ArrayStack">
      <UniqueIdentifier>{0816e691-95f6-413b-a16e-502afc0f3b97}</UniqueIdentifier>
    </Filter>
    <Filter Include="ArrayQueue">
      <UniqueIdentifier>{43a3f64d-b6e5-4a9d-b740-9318cbaac664}</UniqueIdentifier>
    </Filter>
    <Filter Include="AVLTree">
      <UniqueIdentifier>{8e340b26-af00-4bfd-bad1-19b525def34c}</UniqueIdentifier>
    </Filter>
    <Filter Include="SplayTree">
      <UniqueIdentifier>{76cc087c-f7e2-44d1-a3ae-9d720a3300c4}</UniqueIdentifier>
    </Filter>
  </ItemGroup>
  <ItemGroup>
    <ClCompile Include="main.cpp">
      <Filter>源文件</Filter>
    </ClCompile>
  </ItemGroup>
  <ItemGroup>
    <ClInclude Include="BSTree.h">
      <Filter>BSTree</Filter>
    </ClInclude>
    <ClInclude Include="ArrayStack.h">
      <Filter>ArrayStack</Filter>
    </ClInclude>
    <ClInclude Include="ArrayQueue.h">
      <Filter>ArrayQueue</Filter>
    </ClInclude>
    <ClInclude Include="AVLTree.h">
      <Filter>AVLTree</Filter>
    </ClInclude>
    <ClInclude Include="SplayTree.h">
      <Filter>SplayTree</Filter>
    </ClInclude>
  </ItemGroup>
</Project>